
Microsoft Visual Studio Solution File, Format Version 12.00
# Visual Studio Version 16
VisualStudioVersion = 16.0.30114.105
MinimumVisualStudioVersion = 10.0.40219.1
Project("{FAE04EC0-301F-11D3-BF4B-00C04F79EFBC}") = "LTSample", "LTSample\LTSample\LTSample.csproj", "{180C431C-D27D-4582-A724-A97029DBD84E}"
EndProject
Project("{FAE04EC0-301F-11D3-BF4B-00C04F79EFBC}") = "LTSample.Android", "LTSample\LTSample.Android\LTSample.Android.csproj", "{01A5E242-292E-46D6-A951-9C941FE68217}"
EndProject
Project("{FAE04EC0-301F-11D3-BF4B-00C04F79EFBC}") = "LTSample.iOS", "LTSample\LTSample.iOS\LTSample.iOS.csproj", "{B58A5A4E-274C-4EB7-9396-2C35D332134E}"
EndProject
Project("{FAE04EC0-301F-11D3-BF4B-00C04F79EFBC}") = "LTSample.UWP", "LTSample\LTSample.UWP\LTSample.UWP.csproj", "{DDB27593-8050-4BF7-AEC1-774FB231BF4E}"
EndProject
Global
	GlobalSection(SolutionConfigurationPlatforms) = preSolution
		Ad-Hoc|Any CPU = Ad-Hoc|Any CPU
		Ad-Hoc|ARM = Ad-Hoc|ARM
		Ad-Hoc|iPhone = Ad-Hoc|iPhone
		Ad-Hoc|iPhoneSimulator = Ad-Hoc|iPhoneSimulator
		Ad-Hoc|x64 = Ad-Hoc|x64
		Ad-Hoc|x86 = Ad-Hoc|x86
		AppStore|Any CPU = AppStore|Any CPU
		AppStore|ARM = AppStore|ARM
		AppStore|iPhone = AppStore|iPhone
		AppStore|iPhoneSimulator = AppStore|iPhoneSimulator
		AppStore|x64 = AppStore|x64
		AppStore|x86 = AppStore|x86
		Debug|Any CPU = Debug|Any CPU
		Debug|ARM = Debug|ARM
		Debug|iPhone = Debug|iPhone
		Debug|iPhoneSimulator = Debug|iPhoneSimulator
		Debug|x64 = Debug|x64
		Debug|x86 = Debug|x86
		Release|Any CPU = Release|Any CPU
		Release|ARM = Release|ARM
		Release|iPhone = Release|iPhone
		Release|iPhoneSimulator = Release|iPhoneSimulator
		Release|x64 = Release|x64
		Release|x86 = Release|x86
	EndGlobalSection
	GlobalSection(ProjectConfigurationPlatforms) = postSolution
		{180C431C-D27D-4582-A724-A97029DBD84E}.Ad-Hoc|Any CPU.ActiveCfg = Debug|Any CPU
		{180C431C-D27D-4582-A724-A97029DBD84E}.Ad-Hoc|Any CPU.Build.0 = Debug|Any CPU
		{180C431C-D27D-4582-A724-A97029DBD84E}.Ad-Hoc|ARM.ActiveCfg = Debug|Any CPU
		{180C431C-D27D-4582-A724-A97029DBD84E}.Ad-Hoc|ARM.Build.0 = Debug|Any CPU
		{180C431C-D27D-4582-A724-A97029DBD84E}.Ad-Hoc|iPhone.ActiveCfg = Debug|Any CPU
		{180C431C-D27D-4582-A724-A97029DBD84E}.Ad-Hoc|iPhone.Build.0 = Debug|Any CPU
		{180C431C-D27D-4582-A724-A97029DBD84E}.Ad-Hoc|iPhoneSimulator.ActiveCfg = Debug|Any CPU
		{180C431C-D27D-4582-A724-A97029DBD84E}.Ad-Hoc|iPhoneSimulator.Build.0 = Debug|Any CPU
		{180C431C-D27D-4582-A724-A97029DBD84E}.Ad-Hoc|x64.ActiveCfg = Debug|Any CPU
		{180C431C-D27D-4582-A724-A97029DBD84E}.Ad-Hoc|x64.Build.0 = Debug|Any CPU
		{180C431C-D27D-4582-A724-A97029DBD84E}.Ad-Hoc|x86.ActiveCfg = Debug|Any CPU
		{180C431C-D27D-4582-A724-A97029DBD84E}.Ad-Hoc|x86.Build.0 = Debug|Any CPU
		{180C431C-D27D-4582-A724-A97029DBD84E}.AppStore|Any CPU.ActiveCfg = Debug|Any CPU
		{180C431C-D27D-4582-A724-A97029DBD84E}.AppStore|Any CPU.Build.0 = Debug|Any CPU
		{180C431C-D27D-4582-A724-A97029DBD84E}.AppStore|ARM.ActiveCfg = Debug|Any CPU
		{180C431C-D27D-4582-A724-A97029DBD84E}.AppStore|ARM.Build.0 = Debug|Any CPU
		{180C431C-D27D-4582-A724-A97029DBD84E}.AppStore|iPhone.ActiveCfg = Debug|Any CPU
		{180C431C-D27D-4582-A724-A97029DBD84E}.AppStore|iPhone.Build.0 = Debug|Any CPU
		{180C431C-D27D-4582-A724-A97029DBD84E}.AppStore|iPhoneSimulator.ActiveCfg = Debug|Any CPU
		{180C431C-D27D-4582-A724-A97029DBD84E}.AppStore|iPhoneSimulator.Build.0 = Debug|Any CPU
		{180C431C-D27D-4582-A724-A97029DBD84E}.AppStore|x64.ActiveCfg = Debug|Any CPU
		{180C431C-D27D-4582-A724-A97029DBD84E}.AppStore|x64.Build.0 = Debug|Any CPU
		{180C431C-D27D-4582-A724-A97029DBD84E}.AppStore|x86.ActiveCfg = Debug|Any CPU
		{180C431C-D27D-4582-A724-A97029DBD84E}.AppStore|x86.Build.0 = Debug|Any CPU
		{180C431C-D27D-4582-A724-A97029DBD84E}.Debug|Any CPU.ActiveCfg = Debug|Any CPU
		{180C431C-D27D-4582-A724-A97029DBD84E}.Debug|Any CPU.Build.0 = Debug|Any CPU
		{180C431C-D27D-4582-A724-A97029DBD84E}.Debug|ARM.ActiveCfg = Debug|Any CPU
		{180C431C-D27D-4582-A724-A97029DBD84E}.Debug|ARM.Build.0 = Debug|Any CPU
		{180C431C-D27D-4582-A724-A97029DBD84E}.Debug|iPhone.ActiveCfg = Debug|Any CPU
		{180C431C-D27D-4582-A724-A97029DBD84E}.Debug|iPhone.Build.0 = Debug|Any CPU
		{180C431C-D27D-4582-A724-A97029DBD84E}.Debug|iPhoneSimulator.ActiveCfg = Debug|Any CPU
		{180C431C-D27D-4582-A724-A97029DBD84E}.Debug|iPhoneSimulator.Build.0 = Debug|Any CPU
		{180C431C-D27D-4582-A724-A97029DBD84E}.Debug|x64.ActiveCfg = Debug|Any CPU
		{180C431C-D27D-4582-A724-A97029DBD84E}.Debug|x64.Build.0 = Debug|Any CPU
		{180C431C-D27D-4582-A724-A97029DBD84E}.Debug|x86.ActiveCfg = Debug|Any CPU
		{180C431C-D27D-4582-A724-A97029DBD84E}.Debug|x86.Build.0 = Debug|Any CPU
		{180C431C-D27D-4582-A724-A97029DBD84E}.Release|Any CPU.ActiveCfg = Release|Any CPU
		{180C431C-D27D-4582-A724-A97029DBD84E}.Release|Any CPU.Build.0 = Release|Any CPU
		{180C431C-D27D-4582-A724-A97029DBD84E}.Release|ARM.ActiveCfg = Release|Any CPU
		{180C431C-D27D-4582-A724-A97029DBD84E}.Release|ARM.Build.0 = Release|Any CPU
		{180C431C-D27D-4582-A724-A97029DBD84E}.Release|iPhone.ActiveCfg = Release|Any CPU
		{180C431C-D27D-4582-A724-A97029DBD84E}.Release|iPhone.Build.0 = Release|Any CPU
		{180C431C-D27D-4582-A724-A97029DBD84E}.Release|iPhoneSimulator.ActiveCfg = Release|Any CPU
		{180C431C-D27D-4582-A724-A97029DBD84E}.Release|iPhoneSimulator.Build.0 = Release|Any CPU
		{180C431C-D27D-4582-A724-A97029DBD84E}.Release|x64.ActiveCfg = Release|Any CPU
		{180C431C-D27D-4582-A724-A97029DBD84E}.Release|x64.Build.0 = Release|Any CPU
		{180C431C-D27D-4582-A724-A97029DBD84E}.Release|x86.ActiveCfg = Release|Any CPU
		{180C431C-D27D-4582-A724-A97029DBD84E}.Release|x86.Build.0 = Release|Any CPU
		{01A5E242-292E-46D6-A951-9C941FE68217}.Ad-Hoc|Any CPU.ActiveCfg = Release|Any CPU
		{01A5E242-292E-46D6-A951-9C941FE68217}.Ad-Hoc|Any CPU.Build.0 = Release|Any CPU
		{01A5E242-292E-46D6-A951-9C941FE68217}.Ad-Hoc|Any CPU.Deploy.0 = Release|Any CPU
		{01A5E242-292E-46D6-A951-9C941FE68217}.Ad-Hoc|ARM.ActiveCfg = Release|Any CPU
		{01A5E242-292E-46D6-A951-9C941FE68217}.Ad-Hoc|ARM.Build.0 = Release|Any CPU
		{01A5E242-292E-46D6-A951-9C941FE68217}.Ad-Hoc|ARM.Deploy.0 = Release|Any CPU
		{01A5E242-292E-46D6-A951-9C941FE68217}.Ad-Hoc|iPhone.ActiveCfg = Release|Any CPU
		{01A5E242-292E-46D6-A951-9C941FE68217}.Ad-Hoc|iPhone.Build.0 = Release|Any CPU
		{01A5E242-292E-46D6-A951-9C941FE68217}.Ad-Hoc|iPhone.Deploy.0 = Release|Any CPU
		{01A5E242-292E-46D6-A951-9C941FE68217}.Ad-Hoc|iPhoneSimulator.ActiveCfg = Release|Any CPU
		{01A5E242-292E-46D6-A951-9C941FE68217}.Ad-Hoc|iPhoneSimulator.Build.0 = Release|Any CPU
		{01A5E242-292E-46D6-A951-9C941FE68217}.Ad-Hoc|iPhoneSimulator.Deploy.0 = Release|Any CPU
		{01A5E242-292E-46D6-A951-9C941FE68217}.Ad-Hoc|x64.ActiveCfg = Release|Any CPU
		{01A5E242-292E-46D6-A951-9C941FE68217}.Ad-Hoc|x64.Build.0 = Release|Any CPU
		{01A5E242-292E-46D6-A951-9C941FE68217}.Ad-Hoc|x64.Deploy.0 = Release|Any CPU
		{01A5E242-292E-46D6-A951-9C941FE68217}.Ad-Hoc|x86.ActiveCfg = Release|Any CPU
		{01A5E242-292E-46D6-A951-9C941FE68217}.Ad-Hoc|x86.Build.0 = Release|Any CPU
		{01A5E242-292E-46D6-A951-9C941FE68217}.Ad-Hoc|x86.Deploy.0 = Release|Any CPU
		{01A5E242-292E-46D6-A951-9C941FE68217}.AppStore|Any CPU.ActiveCfg = Release|Any CPU
		{01A5E242-292E-46D6-A951-9C941FE68217}.AppStore|Any CPU.Build.0 = Release|Any CPU
		{01A5E242-292E-46D6-A951-9C941FE68217}.AppStore|Any CPU.Deploy.0 = Release|Any CPU
		{01A5E242-292E-46D6-A951-9C941FE68217}.AppStore|ARM.ActiveCfg = Release|Any CPU
		{01A5E242-292E-46D6-A951-9C941FE68217}.AppStore|ARM.Build.0 = Release|Any CPU
		{01A5E242-292E-46D6-A951-9C941FE68217}.AppStore|ARM.Deploy.0 = Release|Any CPU
		{01A5E242-292E-46D6-A951-9C941FE68217}.AppStore|iPhone.ActiveCfg = Release|Any CPU
		{01A5E242-292E-46D6-A951-9C941FE68217}.AppStore|iPhone.Build.0 = Release|Any CPU
		{01A5E242-292E-46D6-A951-9C941FE68217}.AppStore|iPhone.Deploy.0 = Release|Any CPU
		{01A5E242-292E-46D6-A951-9C941FE68217}.AppStore|iPhoneSimulator.ActiveCfg = Release|Any CPU
		{01A5E242-292E-46D6-A951-9C941FE68217}.AppStore|iPhoneSimulator.Build.0 = Release|Any CPU
		{01A5E242-292E-46D6-A951-9C941FE68217}.AppStore|iPhoneSimulator.Deploy.0 = Release|Any CPU
		{01A5E242-292E-46D6-A951-9C941FE68217}.AppStore|x64.ActiveCfg = Release|Any CPU
		{01A5E242-292E-46D6-A951-9C941FE68217}.AppStore|x64.Build.0 = Release|Any CPU
		{01A5E242-292E-46D6-A951-9C941FE68217}.AppStore|x64.Deploy.0 = Release|Any CPU
		{01A5E242-292E-46D6-A951-9C941FE68217}.AppStore|x86.ActiveCfg = Release|Any CPU
		{01A5E242-292E-46D6-A951-9C941FE68217}.AppStore|x86.Build.0 = Release|Any CPU
		{01A5E242-292E-46D6-A951-9C941FE68217}.AppStore|x86.Deploy.0 = Release|Any CPU
		{01A5E242-292E-46D6-A951-9C941FE68217}.Debug|Any CPU.ActiveCfg = Debug|Any CPU
		{01A5E242-292E-46D6-A951-9C941FE68217}.Debug|Any CPU.Build.0 = Debug|Any CPU
		{01A5E242-292E-46D6-A951-9C941FE68217}.Debug|Any CPU.Deploy.0 = Debug|Any CPU
		{01A5E242-292E-46D6-A951-9C941FE68217}.Debug|ARM.ActiveCfg = Debug|Any CPU
		{01A5E242-292E-46D6-A951-9C941FE68217}.Debug|ARM.Build.0 = Debug|Any CPU
		{01A5E242-292E-46D6-A951-9C941FE68217}.Debug|ARM.Deploy.0 = Debug|Any CPU
		{01A5E242-292E-46D6-A951-9C941FE68217}.Debug|iPhone.ActiveCfg = Debug|Any CPU
		{01A5E242-292E-46D6-A951-9C941FE68217}.Debug|iPhone.Build.0 = Debug|Any CPU
		{01A5E242-292E-46D6-A951-9C941FE68217}.Debug|iPhone.Deploy.0 = Debug|Any CPU
		{01A5E242-292E-46D6-A951-9C941FE68217}.Debug|iPhoneSimulator.ActiveCfg = Debug|Any CPU
		{01A5E242-292E-46D6-A951-9C941FE68217}.Debug|iPhoneSimulator.Build.0 = Debug|Any CPU
		{01A5E242-292E-46D6-A951-9C941FE68217}.Debug|iPhoneSimulator.Deploy.0 = Debug|Any CPU
		{01A5E242-292E-46D6-A951-9C941FE68217}.Debug|x64.ActiveCfg = Debug|Any CPU
		{01A5E242-292E-46D6-A951-9C941FE68217}.Debug|x64.Build.0 = Debug|Any CPU
		{01A5E242-292E-46D6-A951-9C941FE68217}.Debug|x64.Deploy.0 = Debug|Any CPU
		{01A5E242-292E-46D6-A951-9C941FE68217}.Debug|x86.ActiveCfg = Debug|Any CPU
		{01A5E242-292E-46D6-A951-9C941FE68217}.Debug|x86.Build.0 = Debug|Any CPU
		{01A5E242-292E-46D6-A951-9C941FE68217}.Debug|x86.Deploy.0 = Debug|Any CPU
		{01A5E242-292E-46D6-A951-9C941FE68217}.Release|Any CPU.ActiveCfg = Release|Any CPU
		{01A5E242-292E-46D6-A951-9C941FE68217}.Release|Any CPU.Build.0 = Release|Any CPU
		{01A5E242-292E-46D6-A951-9C941FE68217}.Release|Any CPU.Deploy.0 = Release|Any CPU
		{01A5E242-292E-46D6-A951-9C941FE68217}.Release|ARM.ActiveCfg = Release|Any CPU
		{01A5E242-292E-46D6-A951-9C941FE68217}.Release|ARM.Build.0 = Release|Any CPU
		{01A5E242-292E-46D6-A951-9C941FE68217}.Release|ARM.Deploy.0 = Release|Any CPU
		{01A5E242-292E-46D6-A951-9C941FE68217}.Release|iPhone.ActiveCfg = Release|Any CPU
		{01A5E242-292E-46D6-A951-9C941FE68217}.Release|iPhone.Build.0 = Release|Any CPU
		{01A5E242-292E-46D6-A951-9C941FE68217}.Release|iPhone.Deploy.0 = Release|Any CPU
		{01A5E242-292E-46D6-A951-9C941FE68217}.Release|iPhoneSimulator.ActiveCfg = Release|Any CPU
		{01A5E242-292E-46D6-A951-9C941FE68217}.Release|iPhoneSimulator.Build.0 = Release|Any CPU
		{01A5E242-292E-46D6-A951-9C941FE68217}.Release|iPhoneSimulator.Deploy.0 = Release|Any CPU
		{01A5E242-292E-46D6-A951-9C941FE68217}.Release|x64.ActiveCfg = Release|Any CPU
		{01A5E242-292E-46D6-A951-9C941FE68217}.Release|x64.Build.0 = Release|Any CPU
		{01A5E242-292E-46D6-A951-9C941FE68217}.Release|x64.Deploy.0 = Release|Any CPU
		{01A5E242-292E-46D6-A951-9C941FE68217}.Release|x86.ActiveCfg = Release|Any CPU
		{01A5E242-292E-46D6-A951-9C941FE68217}.Release|x86.Build.0 = Release|Any CPU
		{01A5E242-292E-46D6-A951-9C941FE68217}.Release|x86.Deploy.0 = Release|Any CPU
		{B58A5A4E-274C-4EB7-9396-2C35D332134E}.Ad-Hoc|Any CPU.ActiveCfg = Ad-Hoc|iPhone
		{B58A5A4E-274C-4EB7-9396-2C35D332134E}.Ad-Hoc|ARM.ActiveCfg = Ad-Hoc|iPhone
		{B58A5A4E-274C-4EB7-9396-2C35D332134E}.Ad-Hoc|iPhone.ActiveCfg = Ad-Hoc|iPhone
		{B58A5A4E-274C-4EB7-9396-2C35D332134E}.Ad-Hoc|iPhone.Build.0 = Ad-Hoc|iPhone
		{B58A5A4E-274C-4EB7-9396-2C35D332134E}.Ad-Hoc|iPhoneSimulator.ActiveCfg = Ad-Hoc|iPhoneSimulator
		{B58A5A4E-274C-4EB7-9396-2C35D332134E}.Ad-Hoc|iPhoneSimulator.Build.0 = Ad-Hoc|iPhoneSimulator
		{B58A5A4E-274C-4EB7-9396-2C35D332134E}.Ad-Hoc|x64.ActiveCfg = Ad-Hoc|iPhone
		{B58A5A4E-274C-4EB7-9396-2C35D332134E}.Ad-Hoc|x86.ActiveCfg = Ad-Hoc|iPhone
		{B58A5A4E-274C-4EB7-9396-2C35D332134E}.AppStore|Any CPU.ActiveCfg = AppStore|iPhone
		{B58A5A4E-274C-4EB7-9396-2C35D332134E}.AppStore|ARM.ActiveCfg = AppStore|iPhone
		{B58A5A4E-274C-4EB7-9396-2C35D332134E}.AppStore|iPhone.ActiveCfg = AppStore|iPhone
		{B58A5A4E-274C-4EB7-9396-2C35D332134E}.AppStore|iPhone.Build.0 = AppStore|iPhone
		{B58A5A4E-274C-4EB7-9396-2C35D332134E}.AppStore|iPhoneSimulator.ActiveCfg = AppStore|iPhoneSimulator
		{B58A5A4E-274C-4EB7-9396-2C35D332134E}.AppStore|iPhoneSimulator.Build.0 = AppStore|iPhoneSimulator
		{B58A5A4E-274C-4EB7-9396-2C35D332134E}.AppStore|x64.ActiveCfg = AppStore|iPhone
		{B58A5A4E-274C-4EB7-9396-2C35D332134E}.AppStore|x86.ActiveCfg = AppStore|iPhone
		{B58A5A4E-274C-4EB7-9396-2C35D332134E}.Debug|Any CPU.ActiveCfg = Debug|iPhone
		{B58A5A4E-274C-4EB7-9396-2C35D332134E}.Debug|ARM.ActiveCfg = Debug|iPhone
		{B58A5A4E-274C-4EB7-9396-2C35D332134E}.Debug|iPhone.ActiveCfg = Debug|iPhone
		{B58A5A4E-274C-4EB7-9396-2C35D332134E}.Debug|iPhone.Build.0 = Debug|iPhone
		{B58A5A4E-274C-4EB7-9396-2C35D332134E}.Debug|iPhoneSimulator.ActiveCfg = Debug|iPhoneSimulator
		{B58A5A4E-274C-4EB7-9396-2C35D332134E}.Debug|iPhoneSimulator.Build.0 = Debug|iPhoneSimulator
		{B58A5A4E-274C-4EB7-9396-2C35D332134E}.Debug|x64.ActiveCfg = Debug|iPhone
		{B58A5A4E-274C-4EB7-9396-2C35D332134E}.Debug|x86.ActiveCfg = Debug|iPhone
		{B58A5A4E-274C-4EB7-9396-2C35D332134E}.Release|Any CPU.ActiveCfg = Release|iPhone
		{B58A5A4E-274C-4EB7-9396-2C35D332134E}.Release|ARM.ActiveCfg = Release|iPhone
		{B58A5A4E-274C-4EB7-9396-2C35D332134E}.Release|iPhone.ActiveCfg = Release|iPhone
		{B58A5A4E-274C-4EB7-9396-2C35D332134E}.Release|iPhone.Build.0 = Release|iPhone
		{B58A5A4E-274C-4EB7-9396-2C35D332134E}.Release|iPhoneSimulator.ActiveCfg = Release|iPhoneSimulator
		{B58A5A4E-274C-4EB7-9396-2C35D332134E}.Release|iPhoneSimulator.Build.0 = Release|iPhoneSimulator
		{B58A5A4E-274C-4EB7-9396-2C35D332134E}.Release|x64.ActiveCfg = Release|iPhone
		{B58A5A4E-274C-4EB7-9396-2C35D332134E}.Release|x86.ActiveCfg = Release|iPhone
		{DDB27593-8050-4BF7-AEC1-774FB231BF4E}.Ad-Hoc|Any CPU.ActiveCfg = Release|x86
		{DDB27593-8050-4BF7-AEC1-774FB231BF4E}.Ad-Hoc|Any CPU.Build.0 = Release|x86
		{DDB27593-8050-4BF7-AEC1-774FB231BF4E}.Ad-Hoc|Any CPU.Deploy.0 = Release|x86
		{DDB27593-8050-4BF7-AEC1-774FB231BF4E}.Ad-Hoc|ARM.ActiveCfg = Release|ARM
		{DDB27593-8050-4BF7-AEC1-774FB231BF4E}.Ad-Hoc|ARM.Build.0 = Release|ARM
		{DDB27593-8050-4BF7-AEC1-774FB231BF4E}.Ad-Hoc|ARM.Deploy.0 = Release|ARM
		{DDB27593-8050-4BF7-AEC1-774FB231BF4E}.Ad-Hoc|iPhone.ActiveCfg = Release|x86
		{DDB27593-8050-4BF7-AEC1-774FB231BF4E}.Ad-Hoc|iPhone.Build.0 = Release|x86
		{DDB27593-8050-4BF7-AEC1-774FB231BF4E}.Ad-Hoc|iPhone.Deploy.0 = Release|x86
		{DDB27593-8050-4BF7-AEC1-774FB231BF4E}.Ad-Hoc|iPhoneSimulator.ActiveCfg = Release|x86
		{DDB27593-8050-4BF7-AEC1-774FB231BF4E}.Ad-Hoc|iPhoneSimulator.Build.0 = Release|x86
		{DDB27593-8050-4BF7-AEC1-774FB231BF4E}.Ad-Hoc|iPhoneSimulator.Deploy.0 = Release|x86
		{DDB27593-8050-4BF7-AEC1-774FB231BF4E}.Ad-Hoc|x64.ActiveCfg = Release|x64
		{DDB27593-8050-4BF7-AEC1-774FB231BF4E}.Ad-Hoc|x64.Build.0 = Release|x64
		{DDB27593-8050-4BF7-AEC1-774FB231BF4E}.Ad-Hoc|x64.Deploy.0 = Release|x64
		{DDB27593-8050-4BF7-AEC1-774FB231BF4E}.Ad-Hoc|x86.ActiveCfg = Release|x86
		{DDB27593-8050-4BF7-AEC1-774FB231BF4E}.Ad-Hoc|x86.Build.0 = Release|x86
		{DDB27593-8050-4BF7-AEC1-774FB231BF4E}.Ad-Hoc|x86.Deploy.0 = Release|x86
		{DDB27593-8050-4BF7-AEC1-774FB231BF4E}.AppStore|Any CPU.ActiveCfg = Release|x86
		{DDB27593-8050-4BF7-AEC1-774FB231BF4E}.AppStore|Any CPU.Build.0 = Release|x86
		{DDB27593-8050-4BF7-AEC1-774FB231BF4E}.AppStore|Any CPU.Deploy.0 = Release|x86
		{DDB27593-8050-4BF7-AEC1-774FB231BF4E}.AppStore|ARM.ActiveCfg = Release|ARM
		{DDB27593-8050-4BF7-AEC1-774FB231BF4E}.AppStore|ARM.Build.0 = Release|ARM
		{DDB27593-8050-4BF7-AEC1-774FB231BF4E}.AppStore|ARM.Deploy.0 = Release|ARM
		{DDB27593-8050-4BF7-AEC1-774FB231BF4E}.AppStore|iPhone.ActiveCfg = Release|x86
		{DDB27593-8050-4BF7-AEC1-774FB231BF4E}.AppStore|iPhone.Build.0 = Release|x86
		{DDB27593-8050-4BF7-AEC1-774FB231BF4E}.AppStore|iPhone.Deploy.0 = Release|x86
		{DDB27593-8050-4BF7-AEC1-774FB231BF4E}.AppStore|iPhoneSimulator.ActiveCfg = Release|x86
		{DDB27593-8050-4BF7-AEC1-774FB231BF4E}.AppStore|iPhoneSimulator.Build.0 = Release|x86
		{DDB27593-8050-4BF7-AEC1-774FB231BF4E}.AppStore|iPhoneSimulator.Deploy.0 = Release|x86
		{DDB27593-8050-4BF7-AEC1-774FB231BF4E}.AppStore|x64.ActiveCfg = Release|x64
		{DDB27593-8050-4BF7-AEC1-774FB231BF4E}.AppStore|x64.Build.0 = Release|x64
		{DDB27593-8050-4BF7-AEC1-774FB231BF4E}.AppStore|x64.Deploy.0 = Release|x64
		{DDB27593-8050-4BF7-AEC1-774FB231BF4E}.AppStore|x86.ActiveCfg = Release|x86
		{DDB27593-8050-4BF7-AEC1-774FB231BF4E}.AppStore|x86.Build.0 = Release|x86
		{DDB27593-8050-4BF7-AEC1-774FB231BF4E}.AppStore|x86.Deploy.0 = Release|x86
		{DDB27593-8050-4BF7-AEC1-774FB231BF4E}.Debug|Any CPU.ActiveCfg = Debug|x86
		{DDB27593-8050-4BF7-AEC1-774FB231BF4E}.Debug|ARM.ActiveCfg = Debug|ARM
		{DDB27593-8050-4BF7-AEC1-774FB231BF4E}.Debug|ARM.Build.0 = Debug|ARM
		{DDB27593-8050-4BF7-AEC1-774FB231BF4E}.Debug|ARM.Deploy.0 = Debug|ARM
		{DDB27593-8050-4BF7-AEC1-774FB231BF4E}.Debug|iPhone.ActiveCfg = Debug|x86
		{DDB27593-8050-4BF7-AEC1-774FB231BF4E}.Debug|iPhoneSimulator.ActiveCfg = Debug|x86
		{DDB27593-8050-4BF7-AEC1-774FB231BF4E}.Debug|x64.ActiveCfg = Debug|x64
		{DDB27593-8050-4BF7-AEC1-774FB231BF4E}.Debug|x64.Build.0 = Debug|x64
		{DDB27593-8050-4BF7-AEC1-774FB231BF4E}.Debug|x64.Deploy.0 = Debug|x64
		{DDB27593-8050-4BF7-AEC1-774FB231BF4E}.Debug|x86.ActiveCfg = Debug|x86
		{DDB27593-8050-4BF7-AEC1-774FB231BF4E}.Debug|x86.Build.0 = Debug|x86
		{DDB27593-8050-4BF7-AEC1-774FB231BF4E}.Debug|x86.Deploy.0 = Debug|x86
		{DDB27593-8050-4BF7-AEC1-774FB231BF4E}.Release|Any CPU.ActiveCfg = Release|x86
		{DDB27593-8050-4BF7-AEC1-774FB231BF4E}.Release|ARM.ActiveCfg = Release|ARM
		{DDB27593-8050-4BF7-AEC1-774FB231BF4E}.Release|ARM.Build.0 = Release|ARM
		{DDB27593-8050-4BF7-AEC1-774FB231BF4E}.Release|ARM.Deploy.0 = Release|ARM
		{DDB27593-8050-4BF7-AEC1-774FB231BF4E}.Release|iPhone.ActiveCfg = Release|x86
		{DDB27593-8050-4BF7-AEC1-774FB231BF4E}.Release|iPhoneSimulator.ActiveCfg = Release|x86
		{DDB27593-8050-4BF7-AEC1-774FB231BF4E}.Release|x64.ActiveCfg = Release|x64
		{DDB27593-8050-4BF7-AEC1-774FB231BF4E}.Release|x64.Build.0 = Release|x64
		{DDB27593-8050-4BF7-AEC1-774FB231BF4E}.Release|x64.Deploy.0 = Release|x64
		{DDB27593-8050-4BF7-AEC1-774FB231BF4E}.Release|x86.ActiveCfg = Release|x86
		{DDB27593-8050-4BF7-AEC1-774FB231BF4E}.Release|x86.Build.0 = Release|x86
		{DDB27593-8050-4BF7-AEC1-774FB231BF4E}.Release|x86.Deploy.0 = Release|x86
	EndGlobalSection
	GlobalSection(SolutionProperties) = preSolution
		HideSolutionNode = FALSE
	EndGlobalSection
	GlobalSection(ExtensibilityGlobals) = postSolution
		SolutionGuid = {DB23A820-BA8E-41A9-87A0-B7592F4FD660}
	EndGlobalSection
EndGlobal
